
Microsoft Visual Studio Solution File, Format Version 12.00
# Visual Studio Version 17
VisualStudioVersion = 17.5.33516.290
MinimumVisualStudioVersion = 10.0.40219.1
Project("{FAE04EC0-301F-11D3-BF4B-00C04F79EFBC}") = "TugasTaxi", "TugasTaxi\TugasTaxi.csproj", "{98311C7F-3413-44B6-8979-E63A11EEAF68}"
EndProject
Global
	GlobalSection(SolutionConfigurationPlatforms) = preSolution
		Debug|Any CPU = Debug|Any CPU
		Release|Any CPU = Release|Any CPU
	EndGlobalSection
	GlobalSection(ProjectConfigurationPlatforms) = postSolution
		{98311C7F-3413-44B6-8979-E63A11EEAF68}.Debug|Any CPU.ActiveCfg = Debug|Any CPU
		{98311C7F-3413-44B6-8979-E63A11EEAF68}.Debug|Any CPU.Build.0 = Debug|Any CPU
		{98311C7F-3413-44B6-8979-E63A11EEAF68}.Release|Any CPU.ActiveCfg = Release|Any CPU
		{98311C7F-3413-44B6-8979-E63A11EEAF68}.Release|Any CPU.Build.0 = Release|Any CPU
	EndGlobalSection
	GlobalSection(SolutionProperties) = preSolution
		HideSolutionNode = FALSE
	EndGlobalSection
	GlobalSection(ExtensibilityGlobals) = postSolution
		SolutionGuid = {6367B557-1C19-4AA0-A143-9C4BD1F77AB9}
	EndGlobalSection
EndGlobal
